// !$*UTF8*$!
{
	archiveVersion = 1;
	classes = {
	};
	objectVersion = 46;
	objects = {

/* Begin PBXBuildFile section */
		A41ECBB11475F95C00052C19 /* UIKit.framework in Frameworks */ = {isa = PBXBuildFile; fileRef = A41ECBB01475F95C00052C19 /* UIKit.framework */; };
		A41ECBB31475F95C00052C19 /* Foundation.framework in Frameworks */ = {isa = PBXBuildFile; fileRef = A41ECBB21475F95C00052C19 /* Foundation.framework */; };
		A41ECBB51475F95C00052C19 /* CoreGraphics.framework in Frameworks */ = {isa = PBXBuildFile; fileRef = A41ECBB41475F95C00052C19 /* CoreGraphics.framework */; };
		A41ECBBB1475F95C00052C19 /* InfoPlist.strings in Resources */ = {isa = PBXBuildFile; fileRef = A41ECBB91475F95C00052C19 /* InfoPlist.strings */; };
		A41ECBBD1475F95C00052C19 /* main.m in Sources */ = {isa = PBXBuildFile; fileRef = A41ECBBC1475F95C00052C19 /* main.m */; };
		A41ECBC11475F95C00052C19 /* D01AppDelegate.m in Sources */ = {isa = PBXBuildFile; fileRef = A41ECBC01475F95C00052C19 /* D01AppDelegate.m */; };
/* End PBXBuildFile section */

/* Begin PBXFileReference section */
		A41ECBAC1475F95C00052C19 /* Dec01.app */ = {isa = PBXFileReference; explicitFileType = wrapper.application; includeInIndex = 0; path = Dec01.app; sourceTree = BUILT_PRODUCTS_DIR; };
		A41ECBB01475F95C00052C19 /* UIKit.framework */ = {isa = PBXFileReference; lastKnownFileType = wrapper.framework; name = UIKit.framework; path = System/Library/Frameworks/UIKit.framework; sourceTree = SDKROOT; };
		A41ECBB21475F95C00052C19 /* Foundation.framework */ = {isa = PBXFileReference; lastKnownFileType = wrapper.framework; name = Foundation.framework; path = System/Library/Frameworks/Foundation.framework; sourceTree = SDKROOT; };
		A41ECBB41475F95C00052C19 /* CoreGraphics.framework */ = {isa = PBXFileReference; lastKnownFileType = wrapper.framework; name = CoreGraphics.framework; path = System/Library/Frameworks/CoreGraphics.framework; sourceTree = SDKROOT; };
		A41ECBB81475F95C00052C19 /* Dec01-Info.plist */ = {isa = PBXFileReference; lastKnownFileType = text.plist.xml; path = "Dec01-Info.plist"; sourceTree = "<group>"; };
		A41ECBBA1475F95C00052C19 /* en */ = {isa = PBXFileReference; lastKnownFileType = text.plist.strings; name = en; path = en.lproj/InfoPlist.strings; sourceTree = "<group>"; };
		A41ECBBC1475F95C00052C19 /* main.m */ = {isa = PBXFileReference; lastKnownFileType = sourcecode.c.objc; path = main.m; sourceTree = "<group>"; };
		A41ECBBE1475F95C00052C19 /* Dec01-Prefix.pch */ = {isa = PBXFileReference; lastKnownFileType = sourcecode.c.h; path = "Dec01-Prefix.pch"; sourceTree = "<group>"; };
		A41ECBBF1475F95C00052C19 /* D01AppDelegate.h */ = {isa = PBXFileReference; lastKnownFileType = sourcecode.c.h; path = D01AppDelegate.h; sourceTree = "<group>"; };
		A41ECBC01475F95C00052C19 /* D01AppDelegate.m */ = {isa = PBXFileReference; lastKnownFileType = sourcecode.c.objc; path = D01AppDelegate.m; sourceTree = "<group>"; };
/* End PBXFileReference section */

/* Begin PBXFrameworksBuildPhase section */
		A41ECBA91475F95C00052C19 /* Frameworks */ = {
			isa = PBXFrameworksBuildPhase;
			buildActionMask = 2147483647;
			files = (
				A41ECBB11475F95C00052C19 /* UIKit.framework in Frameworks */,
				A41ECBB31475F95C00052C19 /* Foundation.framework in Frameworks */,
				A41ECBB51475F95C00052C19 /* CoreGraphics.framework in Frameworks */,
			);
			runOnlyForDeploymentPostprocessing = 0;
		};
/* End PBXFrameworksBuildPhase section */

/* Begin PBXGroup section */
		A41ECBA11475F95B00052C19 = {
			isa = PBXGroup;
			children = (
				A41ECBB61475F95C00052C19 /* Dec01 */,
				A41ECBAF1475F95C00052C19 /* Frameworks */,
				A41ECBAD1475F95C00052C19 /* Products */,
			);
			sourceTree = "<group>";
		};
		A41ECBAD1475F95C00052C19 /* Products */ = {
			isa = PBXGroup;
			children = (
				A41ECBAC1475F95C00052C19 /* Dec01.app */,
			);
			name = Products;
			sourceTree = "<group>";
		};
		A41ECBAF1475F95C00052C19 /* Frameworks */ = {
			isa = PBXGroup;
			children = (
				A41ECBB01475F95C00052C19 /* UIKit.framework */,
				A41ECBB21475F95C00052C19 /* Foundation.framework */,
				A41ECBB41475F95C00052C19 /* CoreGraphics.framework */,
			);
			name = Frameworks;
			sourceTree = "<group>";
		};
		A41ECBB61475F95C00052C19 /* Dec01 */ = {
			isa = PBXGroup;
			children = (
				A41ECBBF1475F95C00052C19 /* D01AppDelegate.h */,
				A41ECBC01475F95C00052C19 /* D01AppDelegate.m */,
				A41ECBB71475F95C00052C19 /* Supporting Files */,
			);
			path = Dec01;
			sourceTree = "<group>";
		};
		A41ECBB71475F95C00052C19 /* Supporting Files */ = {
			isa = PBXGroup;
			children = (
				A41ECBB81475F95C00052C19 /* Dec01-Info.plist */,
				A41ECBB91475F95C00052C19 /* InfoPlist.strings */,
				A41ECBBC1475F95C00052C19 /* main.m */,
				A41ECBBE1475F95C00052C19 /* Dec01-Prefix.pch */,
			);
			name = "Supporting Files";
			sourceTree = "<group>";
		};
/* End PBXGroup section */

/* Begin PBXNativeTarget section */
		A41ECBAB1475F95C00052C19 /* Dec01 */ = {
			isa = PBXNativeTarget;
			buildConfigurationList = A41ECBC41475F95C00052C19 /* Build configuration list for PBXNativeTarget "Dec01" */;
			buildPhases = (
				A41ECBA81475F95C00052C19 /* Sources */,
				A41ECBA91475F95C00052C19 /* Frameworks */,
				A41ECBAA1475F95C00052C19 /* Resources */,
			);
			buildRules = (
			);
			dependencies = (
			);
			name = Dec01;
			productName = Dec01;
			productReference = A41ECBAC1475F95C00052C19 /* Dec01.app */;
			productType = "com.apple.product-type.application";
		};
/* End PBXNativeTarget section */

/* Begin PBXProject section */
		A41ECBA31475F95B00052C19 /* Project object */ = {
			isa = PBXProject;
			attributes = {
				LastUpgradeCheck = 0420;
			};
			buildConfigurationList = A41ECBA61475F95B00052C19 /* Build configuration list for PBXProject "Dec01" */;
			compatibilityVersion = "Xcode 3.2";
			developmentRegion = English;
			hasScannedForEncodings = 0;
			knownRegions = (
				en,
			);
			mainGroup = A41ECBA11475F95B00052C19;
			productRefGroup = A41ECBAD1475F95C00052C19 /* Products */;
			projectDirPath = "";
			projectRoot = "";
			targets = (
				A41ECBAB1475F95C00052C19 /* Dec01 */,
			);
		};
/* End PBXProject section */

/* Begin PBXResourcesBuildPhase section */
		A41ECBAA1475F95C00052C19 /* Resources */ = {
			isa = PBXResourcesBuildPhase;
			buildActionMask = 2147483647;
			files = (
				A41ECBBB1475F95C00052C19 /* InfoPlist.strings in Resources */,
			);
			runOnlyForDeploymentPostprocessing = 0;
		};
/* End PBXResourcesBuildPhase section */

/* Begin PBXSourcesBuildPhase section */
		A41ECBA81475F95C00052C19 /* Sources */ = {
			isa = PBXSourcesBuildPhase;
			buildActionMask = 2147483647;
			files = (
				A41ECBBD1475F95C00052C19 /* main.m in Sources */,
				A41ECBC11475F95C00052C19 /* D01AppDelegate.m in Sources */,
			);
			runOnlyForDeploymentPostprocessing = 0;
		};
/* End PBXSourcesBuildPhase section */

/* Begin PBXVariantGroup section */
		A41ECBB91475F95C00052C19 /* InfoPlist.strings */ = {
			isa = PBXVariantGroup;
			children = (
				A41ECBBA1475F95C00052C19 /* en */,
			);
			name = InfoPlist.strings;
			sourceTree = "<group>";
		};
/* End PBXVariantGroup section */

/* Begin XCBuildConfiguration section */
		A41ECBC21475F95C00052C19 /* Debug */ = {
			isa = XCBuildConfiguration;
			buildSettings = {
				ALWAYS_SEARCH_USER_PATHS = NO;
				ARCHS = "$(ARCHS_STANDARD_32_BIT)";
				CLANG_ENABLE_OBJC_ARC = YES;
				"CODE_SIGN_IDENTITY[sdk=iphoneos*]" = "iPhone Developer";
				COPY_PHASE_STRIP = NO;
				GCC_C_LANGUAGE_STANDARD = gnu99;
				GCC_DYNAMIC_NO_PIC = NO;
				GCC_OPTIMIZATION_LEVEL = 0;
				GCC_PREPROCESSOR_DEFINITIONS = (
					"DEBUG=1",
					"$(inherited)",
				);
				GCC_SYMBOLS_PRIVATE_EXTERN = NO;
				GCC_VERSION = com.apple.compilers.llvm.clang.1_0;
				GCC_WARN_ABOUT_MISSING_PROTOTYPES = YES;
				GCC_WARN_ABOUT_RETURN_TYPE = YES;
				GCC_WARN_UNUSED_VARIABLE = YES;
				IPHONEOS_DEPLOYMENT_TARGET = 5.0;
				SDKROOT = iphoneos;
			};
			name = Debug;
		};
		A41ECBC31475F95C00052C19 /* Release */ = {
			isa = XCBuildConfiguration;
			buildSettings = {
				ALWAYS_SEARCH_USER_PATHS = NO;
				ARCHS = "$(ARCHS_STANDARD_32_BIT)";
				CLANG_ENABLE_OBJC_ARC = YES;
				"CODE_SIGN_IDENTITY[sdk=iphoneos*]" = "iPhone Developer";
				COPY_PHASE_STRIP = YES;
				GCC_C_LANGUAGE_STANDARD = gnu99;
				GCC_VERSION = com.apple.compilers.llvm.clang.1_0;
				GCC_WARN_ABOUT_MISSING_PROTOTYPES = YES;
				GCC_WARN_ABOUT_RETURN_TYPE = YES;
				GCC_WARN_UNUSED_VARIABLE = YES;
				IPHONEOS_DEPLOYMENT_TARGET = 5.0;
				OTHER_CFLAGS = "-DNS_BLOCK_ASSERTIONS=1";
				SDKROOT = iphoneos;
				VALIDATE_PRODUCT = YES;
			};
			name = Release;
		};
		A41ECBC51475F95C00052C19 /* Debug */ = {
			isa = XCBuildConfiguration;
			buildSettings = {
				GCC_PRECOMPILE_PREFIX_HEADER = YES;
				GCC_PREFIX_HEADER = "Dec01/Dec01-Prefix.pch";
				INFOPLIST_FILE = "Dec01/Dec01-Info.plist";
				PRODUCT_NAME = "$(TARGET_NAME)";
				WRAPPER_EXTENSION = app;
			};
			name = Debug;
		};
		A41ECBC61475F95C00052C19 /* Release */ = {
			isa = XCBuildConfiguration;
			buildSettings = {
				GCC_PRECOMPILE_PREFIX_HEADER = YES;
				GCC_PREFIX_HEADER = "Dec01/Dec01-Prefix.pch";
				INFOPLIST_FILE = "Dec01/Dec01-Info.plist";
				PRODUCT_NAME = "$(TARGET_NAME)";
				WRAPPER_EXTENSION = app;
			};
			name = Release;
		};
/* End XCBuildConfiguration section */

/* Begin XCConfigurationList section */
		A41ECBA61475F95B00052C19 /* Build configuration list for PBXProject "Dec01" */ = {
			isa = XCConfigurationList;
			buildConfigurations = (
				A41ECBC21475F95C00052C19 /* Debug */,
				A41ECBC31475F95C00052C19 /* Release */,
			);
			defaultConfigurationIsVisible = 0;
			defaultConfigurationName = Release;
		};
		A41ECBC41475F95C00052C19 /* Build configuration list for PBXNativeTarget "Dec01" */ = {
			isa = XCConfigurationList;
			buildConfigurations = (
				A41ECBC51475F95C00052C19 /* Debug */,
				A41ECBC61475F95C00052C19 /* Release */,
			);
			defaultConfigurationIsVisible = 0;
		};
/* End XCConfigurationList section */
	};
	rootObject = A41ECBA31475F95B00052C19 /* Project object */;
}
