// !$*UTF8*$!
{
	archiveVersion = 1;
	classes = {
	};
	objectVersion = 46;
	objects = {

/* Begin PBXBuildFile section */
		A4D094AB1465D0B4000F32CF /* UIKit.framework in Frameworks */ = {isa = PBXBuildFile; fileRef = A4D094AA1465D0B4000F32CF /* UIKit.framework */; };
		A4D094AD1465D0B4000F32CF /* Foundation.framework in Frameworks */ = {isa = PBXBuildFile; fileRef = A4D094AC1465D0B4000F32CF /* Foundation.framework */; };
		A4D094AF1465D0B4000F32CF /* CoreGraphics.framework in Frameworks */ = {isa = PBXBuildFile; fileRef = A4D094AE1465D0B4000F32CF /* CoreGraphics.framework */; };
		A4D094B51465D0B4000F32CF /* InfoPlist.strings in Resources */ = {isa = PBXBuildFile; fileRef = A4D094B31465D0B4000F32CF /* InfoPlist.strings */; };
		A4D094B71465D0B4000F32CF /* main.m in Sources */ = {isa = PBXBuildFile; fileRef = A4D094B61465D0B4000F32CF /* main.m */; };
		A4D094BB1465D0B4000F32CF /* Nov10AppDelegate.m in Sources */ = {isa = PBXBuildFile; fileRef = A4D094BA1465D0B4000F32CF /* Nov10AppDelegate.m */; };
		A4D094C31465D2E7000F32CF /* Nov10IntroView.m in Sources */ = {isa = PBXBuildFile; fileRef = A4D094C21465D2E7000F32CF /* Nov10IntroView.m */; };
		A4D094C61465D337000F32CF /* Nov10AboutView.m in Sources */ = {isa = PBXBuildFile; fileRef = A4D094C51465D337000F32CF /* Nov10AboutView.m */; };
		A4D094C91465D370000F32CF /* Nov10GameView.m in Sources */ = {isa = PBXBuildFile; fileRef = A4D094C81465D370000F32CF /* Nov10GameView.m */; };
		A4D094CC1465D509000F32CF /* Nov10MainView.m in Sources */ = {isa = PBXBuildFile; fileRef = A4D094CB1465D509000F32CF /* Nov10MainView.m */; };
		A4D094CF1467871D000F32CF /* Nov10objectView.m in Sources */ = {isa = PBXBuildFile; fileRef = A4D094CE1467871C000F32CF /* Nov10objectView.m */; };
		A4D094D114678F91000F32CF /* Stone.png in Resources */ = {isa = PBXBuildFile; fileRef = A4D094D014678F91000F32CF /* Stone.png */; };
		A4D094D3146791D4000F32CF /* icon.png in Resources */ = {isa = PBXBuildFile; fileRef = A4D094D2146791D4000F32CF /* icon.png */; };
		A4D094D5146791ED000F32CF /* rpsls@2x.png in Resources */ = {isa = PBXBuildFile; fileRef = A4D094D4146791ED000F32CF /* rpsls@2x.png */; };
/* End PBXBuildFile section */

/* Begin PBXFileReference section */
		A4D094A61465D0B3000F32CF /* Nov10.app */ = {isa = PBXFileReference; explicitFileType = wrapper.application; includeInIndex = 0; path = Nov10.app; sourceTree = BUILT_PRODUCTS_DIR; };
		A4D094AA1465D0B4000F32CF /* UIKit.framework */ = {isa = PBXFileReference; lastKnownFileType = wrapper.framework; name = UIKit.framework; path = System/Library/Frameworks/UIKit.framework; sourceTree = SDKROOT; };
		A4D094AC1465D0B4000F32CF /* Foundation.framework */ = {isa = PBXFileReference; lastKnownFileType = wrapper.framework; name = Foundation.framework; path = System/Library/Frameworks/Foundation.framework; sourceTree = SDKROOT; };
		A4D094AE1465D0B4000F32CF /* CoreGraphics.framework */ = {isa = PBXFileReference; lastKnownFileType = wrapper.framework; name = CoreGraphics.framework; path = System/Library/Frameworks/CoreGraphics.framework; sourceTree = SDKROOT; };
		A4D094B21465D0B4000F32CF /* Nov10-Info.plist */ = {isa = PBXFileReference; lastKnownFileType = text.plist.xml; path = "Nov10-Info.plist"; sourceTree = "<group>"; };
		A4D094B41465D0B4000F32CF /* en */ = {isa = PBXFileReference; lastKnownFileType = text.plist.strings; name = en; path = en.lproj/InfoPlist.strings; sourceTree = "<group>"; };
		A4D094B61465D0B4000F32CF /* main.m */ = {isa = PBXFileReference; lastKnownFileType = sourcecode.c.objc; path = main.m; sourceTree = "<group>"; };
		A4D094B81465D0B4000F32CF /* Nov10-Prefix.pch */ = {isa = PBXFileReference; lastKnownFileType = sourcecode.c.h; path = "Nov10-Prefix.pch"; sourceTree = "<group>"; };
		A4D094B91465D0B4000F32CF /* Nov10AppDelegate.h */ = {isa = PBXFileReference; lastKnownFileType = sourcecode.c.h; path = Nov10AppDelegate.h; sourceTree = "<group>"; };
		A4D094BA1465D0B4000F32CF /* Nov10AppDelegate.m */ = {isa = PBXFileReference; lastKnownFileType = sourcecode.c.objc; path = Nov10AppDelegate.m; sourceTree = "<group>"; };
		A4D094C11465D2E7000F32CF /* Nov10IntroView.h */ = {isa = PBXFileReference; fileEncoding = 4; lastKnownFileType = sourcecode.c.h; path = Nov10IntroView.h; sourceTree = "<group>"; };
		A4D094C21465D2E7000F32CF /* Nov10IntroView.m */ = {isa = PBXFileReference; fileEncoding = 4; lastKnownFileType = sourcecode.c.objc; path = Nov10IntroView.m; sourceTree = "<group>"; };
		A4D094C41465D337000F32CF /* Nov10AboutView.h */ = {isa = PBXFileReference; fileEncoding = 4; lastKnownFileType = sourcecode.c.h; path = Nov10AboutView.h; sourceTree = "<group>"; };
		A4D094C51465D337000F32CF /* Nov10AboutView.m */ = {isa = PBXFileReference; fileEncoding = 4; lastKnownFileType = sourcecode.c.objc; path = Nov10AboutView.m; sourceTree = "<group>"; };
		A4D094C71465D370000F32CF /* Nov10GameView.h */ = {isa = PBXFileReference; fileEncoding = 4; lastKnownFileType = sourcecode.c.h; path = Nov10GameView.h; sourceTree = "<group>"; };
		A4D094C81465D370000F32CF /* Nov10GameView.m */ = {isa = PBXFileReference; fileEncoding = 4; lastKnownFileType = sourcecode.c.objc; path = Nov10GameView.m; sourceTree = "<group>"; };
		A4D094CA1465D509000F32CF /* Nov10MainView.h */ = {isa = PBXFileReference; fileEncoding = 4; lastKnownFileType = sourcecode.c.h; path = Nov10MainView.h; sourceTree = "<group>"; };
		A4D094CB1465D509000F32CF /* Nov10MainView.m */ = {isa = PBXFileReference; fileEncoding = 4; lastKnownFileType = sourcecode.c.objc; path = Nov10MainView.m; sourceTree = "<group>"; };
		A4D094CD1467871C000F32CF /* Nov10objectView.h */ = {isa = PBXFileReference; fileEncoding = 4; lastKnownFileType = sourcecode.c.h; path = Nov10objectView.h; sourceTree = "<group>"; };
		A4D094CE1467871C000F32CF /* Nov10objectView.m */ = {isa = PBXFileReference; fileEncoding = 4; lastKnownFileType = sourcecode.c.objc; path = Nov10objectView.m; sourceTree = "<group>"; };
		A4D094D014678F91000F32CF /* Stone.png */ = {isa = PBXFileReference; lastKnownFileType = image.png; path = Stone.png; sourceTree = "<group>"; };
		A4D094D2146791D4000F32CF /* icon.png */ = {isa = PBXFileReference; lastKnownFileType = image.png; name = icon.png; path = ../icon.png; sourceTree = "<group>"; };
		A4D094D4146791ED000F32CF /* rpsls@2x.png */ = {isa = PBXFileReference; lastKnownFileType = image.png; name = "rpsls@2x.png"; path = "../rpsls@2x.png"; sourceTree = "<group>"; };
/* End PBXFileReference section */

/* Begin PBXFrameworksBuildPhase section */
		A4D094A31465D0B3000F32CF /* Frameworks */ = {
			isa = PBXFrameworksBuildPhase;
			buildActionMask = 2147483647;
			files = (
				A4D094AB1465D0B4000F32CF /* UIKit.framework in Frameworks */,
				A4D094AD1465D0B4000F32CF /* Foundation.framework in Frameworks */,
				A4D094AF1465D0B4000F32CF /* CoreGraphics.framework in Frameworks */,
			);
			runOnlyForDeploymentPostprocessing = 0;
		};
/* End PBXFrameworksBuildPhase section */

/* Begin PBXGroup section */
		A4D0949B1465D0B3000F32CF = {
			isa = PBXGroup;
			children = (
				A4D094B01465D0B4000F32CF /* Nov10 */,
				A4D094A91465D0B4000F32CF /* Frameworks */,
				A4D094A71465D0B3000F32CF /* Products */,
			);
			sourceTree = "<group>";
		};
		A4D094A71465D0B3000F32CF /* Products */ = {
			isa = PBXGroup;
			children = (
				A4D094A61465D0B3000F32CF /* Nov10.app */,
			);
			name = Products;
			sourceTree = "<group>";
		};
		A4D094A91465D0B4000F32CF /* Frameworks */ = {
			isa = PBXGroup;
			children = (
				A4D094AA1465D0B4000F32CF /* UIKit.framework */,
				A4D094AC1465D0B4000F32CF /* Foundation.framework */,
				A4D094AE1465D0B4000F32CF /* CoreGraphics.framework */,
			);
			name = Frameworks;
			sourceTree = "<group>";
		};
		A4D094B01465D0B4000F32CF /* Nov10 */ = {
			isa = PBXGroup;
			children = (
				A4D094B91465D0B4000F32CF /* Nov10AppDelegate.h */,
				A4D094BA1465D0B4000F32CF /* Nov10AppDelegate.m */,
				A4D094C11465D2E7000F32CF /* Nov10IntroView.h */,
				A4D094C21465D2E7000F32CF /* Nov10IntroView.m */,
				A4D094C41465D337000F32CF /* Nov10AboutView.h */,
				A4D094C51465D337000F32CF /* Nov10AboutView.m */,
				A4D094CD1467871C000F32CF /* Nov10objectView.h */,
				A4D094CE1467871C000F32CF /* Nov10objectView.m */,
				A4D094C71465D370000F32CF /* Nov10GameView.h */,
				A4D094C81465D370000F32CF /* Nov10GameView.m */,
				A4D094CA1465D509000F32CF /* Nov10MainView.h */,
				A4D094CB1465D509000F32CF /* Nov10MainView.m */,
				A4D094B11465D0B4000F32CF /* Supporting Files */,
			);
			path = Nov10;
			sourceTree = "<group>";
		};
		A4D094B11465D0B4000F32CF /* Supporting Files */ = {
			isa = PBXGroup;
			children = (
				A4D094D4146791ED000F32CF /* rpsls@2x.png */,
				A4D094D2146791D4000F32CF /* icon.png */,
				A4D094D014678F91000F32CF /* Stone.png */,
				A4D094B21465D0B4000F32CF /* Nov10-Info.plist */,
				A4D094B31465D0B4000F32CF /* InfoPlist.strings */,
				A4D094B61465D0B4000F32CF /* main.m */,
				A4D094B81465D0B4000F32CF /* Nov10-Prefix.pch */,
			);
			name = "Supporting Files";
			sourceTree = "<group>";
		};
/* End PBXGroup section */

/* Begin PBXNativeTarget section */
		A4D094A51465D0B3000F32CF /* Nov10 */ = {
			isa = PBXNativeTarget;
			buildConfigurationList = A4D094BE1465D0B4000F32CF /* Build configuration list for PBXNativeTarget "Nov10" */;
			buildPhases = (
				A4D094A21465D0B3000F32CF /* Sources */,
				A4D094A31465D0B3000F32CF /* Frameworks */,
				A4D094A41465D0B3000F32CF /* Resources */,
			);
			buildRules = (
			);
			dependencies = (
			);
			name = Nov10;
			productName = Nov10;
			productReference = A4D094A61465D0B3000F32CF /* Nov10.app */;
			productType = "com.apple.product-type.application";
		};
/* End PBXNativeTarget section */

/* Begin PBXProject section */
		A4D0949D1465D0B3000F32CF /* Project object */ = {
			isa = PBXProject;
			attributes = {
				LastUpgradeCheck = 0420;
			};
			buildConfigurationList = A4D094A01465D0B3000F32CF /* Build configuration list for PBXProject "Nov10" */;
			compatibilityVersion = "Xcode 3.2";
			developmentRegion = English;
			hasScannedForEncodings = 0;
			knownRegions = (
				en,
			);
			mainGroup = A4D0949B1465D0B3000F32CF;
			productRefGroup = A4D094A71465D0B3000F32CF /* Products */;
			projectDirPath = "";
			projectRoot = "";
			targets = (
				A4D094A51465D0B3000F32CF /* Nov10 */,
			);
		};
/* End PBXProject section */

/* Begin PBXResourcesBuildPhase section */
		A4D094A41465D0B3000F32CF /* Resources */ = {
			isa = PBXResourcesBuildPhase;
			buildActionMask = 2147483647;
			files = (
				A4D094B51465D0B4000F32CF /* InfoPlist.strings in Resources */,
				A4D094D114678F91000F32CF /* Stone.png in Resources */,
				A4D094D3146791D4000F32CF /* icon.png in Resources */,
				A4D094D5146791ED000F32CF /* rpsls@2x.png in Resources */,
			);
			runOnlyForDeploymentPostprocessing = 0;
		};
/* End PBXResourcesBuildPhase section */

/* Begin PBXSourcesBuildPhase section */
		A4D094A21465D0B3000F32CF /* Sources */ = {
			isa = PBXSourcesBuildPhase;
			buildActionMask = 2147483647;
			files = (
				A4D094B71465D0B4000F32CF /* main.m in Sources */,
				A4D094BB1465D0B4000F32CF /* Nov10AppDelegate.m in Sources */,
				A4D094C31465D2E7000F32CF /* Nov10IntroView.m in Sources */,
				A4D094C61465D337000F32CF /* Nov10AboutView.m in Sources */,
				A4D094C91465D370000F32CF /* Nov10GameView.m in Sources */,
				A4D094CC1465D509000F32CF /* Nov10MainView.m in Sources */,
				A4D094CF1467871D000F32CF /* Nov10objectView.m in Sources */,
			);
			runOnlyForDeploymentPostprocessing = 0;
		};
/* End PBXSourcesBuildPhase section */

/* Begin PBXVariantGroup section */
		A4D094B31465D0B4000F32CF /* InfoPlist.strings */ = {
			isa = PBXVariantGroup;
			children = (
				A4D094B41465D0B4000F32CF /* en */,
			);
			name = InfoPlist.strings;
			sourceTree = "<group>";
		};
/* End PBXVariantGroup section */

/* Begin XCBuildConfiguration section */
		A4D094BC1465D0B4000F32CF /* Debug */ = {
			isa = XCBuildConfiguration;
			buildSettings = {
				ALWAYS_SEARCH_USER_PATHS = NO;
				ARCHS = "$(ARCHS_STANDARD_32_BIT)";
				CLANG_ENABLE_OBJC_ARC = YES;
				"CODE_SIGN_IDENTITY[sdk=iphoneos*]" = "iPhone Developer";
				COPY_PHASE_STRIP = NO;
				GCC_C_LANGUAGE_STANDARD = gnu99;
				GCC_DYNAMIC_NO_PIC = NO;
				GCC_OPTIMIZATION_LEVEL = 0;
				GCC_PREPROCESSOR_DEFINITIONS = (
					"DEBUG=1",
					"$(inherited)",
				);
				GCC_SYMBOLS_PRIVATE_EXTERN = NO;
				GCC_VERSION = com.apple.compilers.llvm.clang.1_0;
				GCC_WARN_ABOUT_MISSING_PROTOTYPES = YES;
				GCC_WARN_ABOUT_RETURN_TYPE = YES;
				GCC_WARN_UNUSED_VARIABLE = YES;
				IPHONEOS_DEPLOYMENT_TARGET = 5.0;
				SDKROOT = iphoneos;
				TARGETED_DEVICE_FAMILY = "1,2";
			};
			name = Debug;
		};
		A4D094BD1465D0B4000F32CF /* Release */ = {
			isa = XCBuildConfiguration;
			buildSettings = {
				ALWAYS_SEARCH_USER_PATHS = NO;
				ARCHS = "$(ARCHS_STANDARD_32_BIT)";
				CLANG_ENABLE_OBJC_ARC = YES;
				"CODE_SIGN_IDENTITY[sdk=iphoneos*]" = "iPhone Developer";
				COPY_PHASE_STRIP = YES;
				GCC_C_LANGUAGE_STANDARD = gnu99;
				GCC_VERSION = com.apple.compilers.llvm.clang.1_0;
				GCC_WARN_ABOUT_MISSING_PROTOTYPES = YES;
				GCC_WARN_ABOUT_RETURN_TYPE = YES;
				GCC_WARN_UNUSED_VARIABLE = YES;
				IPHONEOS_DEPLOYMENT_TARGET = 5.0;
				OTHER_CFLAGS = "-DNS_BLOCK_ASSERTIONS=1";
				SDKROOT = iphoneos;
				TARGETED_DEVICE_FAMILY = "1,2";
				VALIDATE_PRODUCT = YES;
			};
			name = Release;
		};
		A4D094BF1465D0B4000F32CF /* Debug */ = {
			isa = XCBuildConfiguration;
			buildSettings = {
				GCC_PRECOMPILE_PREFIX_HEADER = YES;
				GCC_PREFIX_HEADER = "Nov10/Nov10-Prefix.pch";
				INFOPLIST_FILE = "Nov10/Nov10-Info.plist";
				PRODUCT_NAME = "$(TARGET_NAME)";
				WRAPPER_EXTENSION = app;
			};
			name = Debug;
		};
		A4D094C01465D0B4000F32CF /* Release */ = {
			isa = XCBuildConfiguration;
			buildSettings = {
				GCC_PRECOMPILE_PREFIX_HEADER = YES;
				GCC_PREFIX_HEADER = "Nov10/Nov10-Prefix.pch";
				INFOPLIST_FILE = "Nov10/Nov10-Info.plist";
				PRODUCT_NAME = "$(TARGET_NAME)";
				WRAPPER_EXTENSION = app;
			};
			name = Release;
		};
/* End XCBuildConfiguration section */

/* Begin XCConfigurationList section */
		A4D094A01465D0B3000F32CF /* Build configuration list for PBXProject "Nov10" */ = {
			isa = XCConfigurationList;
			buildConfigurations = (
				A4D094BC1465D0B4000F32CF /* Debug */,
				A4D094BD1465D0B4000F32CF /* Release */,
			);
			defaultConfigurationIsVisible = 0;
			defaultConfigurationName = Release;
		};
		A4D094BE1465D0B4000F32CF /* Build configuration list for PBXNativeTarget "Nov10" */ = {
			isa = XCConfigurationList;
			buildConfigurations = (
				A4D094BF1465D0B4000F32CF /* Debug */,
				A4D094C01465D0B4000F32CF /* Release */,
			);
			defaultConfigurationIsVisible = 0;
		};
/* End XCConfigurationList section */
	};
	rootObject = A4D0949D1465D0B3000F32CF /* Project object */;
}
