// !$*UTF8*$!
{
	archiveVersion = 1;
	classes = {
	};
	objectVersion = 46;
	objects = {

/* Begin PBXBuildFile section */
		A41ECB891474E11300052C19 /* Rifle.mp3 in Resources */ = {isa = PBXBuildFile; fileRef = A41ECB881474E11300052C19 /* Rifle.mp3 */; };
		A4256568147215E6006B6072 /* fred.jpg in Resources */ = {isa = PBXBuildFile; fileRef = A4256567147215E6006B6072 /* fred.jpg */; };
		A425656A1472161F006B6072 /* austin.jpg in Resources */ = {isa = PBXBuildFile; fileRef = A42565691472161F006B6072 /* austin.jpg */; };
		A425656C14721676006B6072 /* max.jpg in Resources */ = {isa = PBXBuildFile; fileRef = A425656B14721676006B6072 /* max.jpg */; };
		A425656E147227D0006B6072 /* gun2.png in Resources */ = {isa = PBXBuildFile; fileRef = A425656D147227D0006B6072 /* gun2.png */; };
		A425657414723251006B6072 /* bond.jpg in Resources */ = {isa = PBXBuildFile; fileRef = A425656F14723250006B6072 /* bond.jpg */; };
		A425657514723251006B6072 /* rambo.jpg in Resources */ = {isa = PBXBuildFile; fileRef = A425657014723250006B6072 /* rambo.jpg */; };
		A425657614723251006B6072 /* bazooka.jpg in Resources */ = {isa = PBXBuildFile; fileRef = A425657114723250006B6072 /* bazooka.jpg */; };
		A425657714723251006B6072 /* laser.jpg in Resources */ = {isa = PBXBuildFile; fileRef = A425657214723250006B6072 /* laser.jpg */; };
		A425657814723251006B6072 /* shotgun.jpg in Resources */ = {isa = PBXBuildFile; fileRef = A425657314723251006B6072 /* shotgun.jpg */; };
		A425657A1472330D006B6072 /* flintlock.jpg in Resources */ = {isa = PBXBuildFile; fileRef = A42565791472330D006B6072 /* flintlock.jpg */; };
		A433647A1474B9EF0010DC74 /* James-Bond.jpg in Resources */ = {isa = PBXBuildFile; fileRef = A43364791474B9EF0010DC74 /* James-Bond.jpg */; };
		A433647D1474BAAA0010DC74 /* bigbomb.jpg in Resources */ = {isa = PBXBuildFile; fileRef = A433647C1474BAAA0010DC74 /* bigbomb.jpg */; };
		A43364851474C2540010DC74 /* camera-icon.png in Resources */ = {isa = PBXBuildFile; fileRef = A43364821474C2540010DC74 /* camera-icon.png */; };
		A43364861474C2540010DC74 /* microphone-icon.png in Resources */ = {isa = PBXBuildFile; fileRef = A43364831474C2540010DC74 /* microphone-icon.png */; };
		A43364871474C2540010DC74 /* QuestionMarkBlack.png in Resources */ = {isa = PBXBuildFile; fileRef = A43364841474C2540010DC74 /* QuestionMarkBlack.png */; };
		A43364891474C9DA0010DC74 /* MediaPlayer.framework in Frameworks */ = {isa = PBXBuildFile; fileRef = A43364881474C9DA0010DC74 /* MediaPlayer.framework */; };
		A433648B1474CC5E0010DC74 /* MI.mp4 in Resources */ = {isa = PBXBuildFile; fileRef = A433648A1474CC5E0010DC74 /* MI.mp4 */; };
		A433648D1474CEB50010DC74 /* images.jpg in Resources */ = {isa = PBXBuildFile; fileRef = A433648C1474CEB50010DC74 /* images.jpg */; };
		A43364921474D2B20010DC74 /* grenade.mp3 in Resources */ = {isa = PBXBuildFile; fileRef = A433648E1474D2B20010DC74 /* grenade.mp3 */; };
		A43364931474D2B20010DC74 /* bomb.mp3 in Resources */ = {isa = PBXBuildFile; fileRef = A433648F1474D2B20010DC74 /* bomb.mp3 */; };
		A43364941474D2B20010DC74 /* laser.mp3 in Resources */ = {isa = PBXBuildFile; fileRef = A43364901474D2B20010DC74 /* laser.mp3 */; };
		A43364951474D2B20010DC74 /* gun.mp3 in Resources */ = {isa = PBXBuildFile; fileRef = A43364911474D2B20010DC74 /* gun.mp3 */; };
		A43364971474D3870010DC74 /* AudioToolbox.framework in Frameworks */ = {isa = PBXBuildFile; fileRef = A43364961474D3870010DC74 /* AudioToolbox.framework */; };
		A44C699F146DF9C800E6E60B /* UIKit.framework in Frameworks */ = {isa = PBXBuildFile; fileRef = A44C699E146DF9C800E6E60B /* UIKit.framework */; };
		A44C69A1146DF9C800E6E60B /* Foundation.framework in Frameworks */ = {isa = PBXBuildFile; fileRef = A44C69A0146DF9C800E6E60B /* Foundation.framework */; };
		A44C69A3146DF9C800E6E60B /* CoreGraphics.framework in Frameworks */ = {isa = PBXBuildFile; fileRef = A44C69A2146DF9C800E6E60B /* CoreGraphics.framework */; };
		A44C69A9146DF9C800E6E60B /* InfoPlist.strings in Resources */ = {isa = PBXBuildFile; fileRef = A44C69A7146DF9C800E6E60B /* InfoPlist.strings */; };
		A44C69AB146DF9C800E6E60B /* main.m in Sources */ = {isa = PBXBuildFile; fileRef = A44C69AA146DF9C800E6E60B /* main.m */; };
		A44C69AF146DF9C800E6E60B /* N17AppDelegate.m in Sources */ = {isa = PBXBuildFile; fileRef = A44C69AE146DF9C800E6E60B /* N17AppDelegate.m */; };
		A44C69B9146DFC2F00E6E60B /* N17mainView.m in Sources */ = {isa = PBXBuildFile; fileRef = A44C69B8146DFC2F00E6E60B /* N17mainView.m */; };
		A44C69BC146DFC7100E6E60B /* N17bottomView.m in Sources */ = {isa = PBXBuildFile; fileRef = A44C69BB146DFC7100E6E60B /* N17bottomView.m */; };
		A44C69BF146DFC9A00E6E60B /* N17topViewFront.m in Sources */ = {isa = PBXBuildFile; fileRef = A44C69BE146DFC9A00E6E60B /* N17topViewFront.m */; };
		A44C69C2146DFCC700E6E60B /* N17topViewBack.m in Sources */ = {isa = PBXBuildFile; fileRef = A44C69C1146DFCC700E6E60B /* N17topViewBack.m */; };
		A44C69C4146E1FFC00E6E60B /* Phone.png in Resources */ = {isa = PBXBuildFile; fileRef = A44C69C3146E1FFC00E6E60B /* Phone.png */; };
		A44C69CB146EEEA800E6E60B /* N17topView.m in Sources */ = {isa = PBXBuildFile; fileRef = A44C69CA146EEEA800E6E60B /* N17topView.m */; };
		A44C69CD146F1A1F00E6E60B /* spy.png in Resources */ = {isa = PBXBuildFile; fileRef = A44C69CC146F1A1F00E6E60B /* spy.png */; };
		A44C69D0146F30B900E6E60B /* CustomPickerDataSource.m in Sources */ = {isa = PBXBuildFile; fileRef = A44C69CF146F30B900E6E60B /* CustomPickerDataSource.m */; };
		A44C69D3146F31BA00E6E60B /* CustomView.m in Sources */ = {isa = PBXBuildFile; fileRef = A44C69D2146F31BA00E6E60B /* CustomView.m */; };
		A44C69D7146F527700E6E60B /* binoculars.png in Resources */ = {isa = PBXBuildFile; fileRef = A44C69D4146F527700E6E60B /* binoculars.png */; };
		A44C69D8146F527800E6E60B /* bomb.png in Resources */ = {isa = PBXBuildFile; fileRef = A44C69D5146F527700E6E60B /* bomb.png */; };
		A44C69D9146F527800E6E60B /* hat.png in Resources */ = {isa = PBXBuildFile; fileRef = A44C69D6146F527700E6E60B /* hat.png */; };
		A44C69DF1470DEC600E6E60B /* help.png in Resources */ = {isa = PBXBuildFile; fileRef = A44C69DE1470DEC500E6E60B /* help.png */; };
/* End PBXBuildFile section */

/* Begin PBXFileReference section */
		A41ECB881474E11300052C19 /* Rifle.mp3 */ = {isa = PBXFileReference; lastKnownFileType = audio.mp3; path = Rifle.mp3; sourceTree = "<group>"; };
		A4256567147215E6006B6072 /* fred.jpg */ = {isa = PBXFileReference; lastKnownFileType = image.jpeg; path = fred.jpg; sourceTree = "<group>"; };
		A42565691472161F006B6072 /* austin.jpg */ = {isa = PBXFileReference; lastKnownFileType = image.jpeg; path = austin.jpg; sourceTree = "<group>"; };
		A425656B14721676006B6072 /* max.jpg */ = {isa = PBXFileReference; lastKnownFileType = image.jpeg; path = max.jpg; sourceTree = "<group>"; };
		A425656D147227D0006B6072 /* gun2.png */ = {isa = PBXFileReference; lastKnownFileType = image.png; path = gun2.png; sourceTree = "<group>"; };
		A425656F14723250006B6072 /* bond.jpg */ = {isa = PBXFileReference; lastKnownFileType = image.jpeg; path = bond.jpg; sourceTree = "<group>"; };
		A425657014723250006B6072 /* rambo.jpg */ = {isa = PBXFileReference; lastKnownFileType = image.jpeg; path = rambo.jpg; sourceTree = "<group>"; };
		A425657114723250006B6072 /* bazooka.jpg */ = {isa = PBXFileReference; lastKnownFileType = image.jpeg; path = bazooka.jpg; sourceTree = "<group>"; };
		A425657214723250006B6072 /* laser.jpg */ = {isa = PBXFileReference; lastKnownFileType = image.jpeg; path = laser.jpg; sourceTree = "<group>"; };
		A425657314723251006B6072 /* shotgun.jpg */ = {isa = PBXFileReference; lastKnownFileType = image.jpeg; path = shotgun.jpg; sourceTree = "<group>"; };
		A42565791472330D006B6072 /* flintlock.jpg */ = {isa = PBXFileReference; lastKnownFileType = image.jpeg; path = flintlock.jpg; sourceTree = "<group>"; };
		A43364791474B9EF0010DC74 /* James-Bond.jpg */ = {isa = PBXFileReference; lastKnownFileType = image.jpeg; path = "James-Bond.jpg"; sourceTree = "<group>"; };
		A433647C1474BAAA0010DC74 /* bigbomb.jpg */ = {isa = PBXFileReference; lastKnownFileType = image.jpeg; path = bigbomb.jpg; sourceTree = "<group>"; };
		A43364821474C2540010DC74 /* camera-icon.png */ = {isa = PBXFileReference; lastKnownFileType = image.png; path = "camera-icon.png"; sourceTree = "<group>"; };
		A43364831474C2540010DC74 /* microphone-icon.png */ = {isa = PBXFileReference; lastKnownFileType = image.png; path = "microphone-icon.png"; sourceTree = "<group>"; };
		A43364841474C2540010DC74 /* QuestionMarkBlack.png */ = {isa = PBXFileReference; lastKnownFileType = image.png; path = QuestionMarkBlack.png; sourceTree = "<group>"; };
		A43364881474C9DA0010DC74 /* MediaPlayer.framework */ = {isa = PBXFileReference; lastKnownFileType = wrapper.framework; name = MediaPlayer.framework; path = System/Library/Frameworks/MediaPlayer.framework; sourceTree = SDKROOT; };
		A433648A1474CC5E0010DC74 /* MI.mp4 */ = {isa = PBXFileReference; lastKnownFileType = file; path = MI.mp4; sourceTree = "<group>"; };
		A433648C1474CEB50010DC74 /* images.jpg */ = {isa = PBXFileReference; lastKnownFileType = image.jpeg; path = images.jpg; sourceTree = "<group>"; };
		A433648E1474D2B20010DC74 /* grenade.mp3 */ = {isa = PBXFileReference; lastKnownFileType = audio.mp3; path = grenade.mp3; sourceTree = "<group>"; };
		A433648F1474D2B20010DC74 /* bomb.mp3 */ = {isa = PBXFileReference; lastKnownFileType = audio.mp3; path = bomb.mp3; sourceTree = "<group>"; };
		A43364901474D2B20010DC74 /* laser.mp3 */ = {isa = PBXFileReference; lastKnownFileType = audio.mp3; path = laser.mp3; sourceTree = "<group>"; };
		A43364911474D2B20010DC74 /* gun.mp3 */ = {isa = PBXFileReference; lastKnownFileType = audio.mp3; path = gun.mp3; sourceTree = "<group>"; };
		A43364961474D3870010DC74 /* AudioToolbox.framework */ = {isa = PBXFileReference; lastKnownFileType = wrapper.framework; name = AudioToolbox.framework; path = System/Library/Frameworks/AudioToolbox.framework; sourceTree = SDKROOT; };
		A44C699A146DF9C800E6E60B /* Nov17.app */ = {isa = PBXFileReference; explicitFileType = wrapper.application; includeInIndex = 0; path = Nov17.app; sourceTree = BUILT_PRODUCTS_DIR; };
		A44C699E146DF9C800E6E60B /* UIKit.framework */ = {isa = PBXFileReference; lastKnownFileType = wrapper.framework; name = UIKit.framework; path = System/Library/Frameworks/UIKit.framework; sourceTree = SDKROOT; };
		A44C69A0146DF9C800E6E60B /* Foundation.framework */ = {isa = PBXFileReference; lastKnownFileType = wrapper.framework; name = Foundation.framework; path = System/Library/Frameworks/Foundation.framework; sourceTree = SDKROOT; };
		A44C69A2146DF9C800E6E60B /* CoreGraphics.framework */ = {isa = PBXFileReference; lastKnownFileType = wrapper.framework; name = CoreGraphics.framework; path = System/Library/Frameworks/CoreGraphics.framework; sourceTree = SDKROOT; };
		A44C69A6146DF9C800E6E60B /* Nov17-Info.plist */ = {isa = PBXFileReference; lastKnownFileType = text.plist.xml; path = "Nov17-Info.plist"; sourceTree = "<group>"; };
		A44C69A8146DF9C800E6E60B /* en */ = {isa = PBXFileReference; lastKnownFileType = text.plist.strings; name = en; path = en.lproj/InfoPlist.strings; sourceTree = "<group>"; };
		A44C69AA146DF9C800E6E60B /* main.m */ = {isa = PBXFileReference; lastKnownFileType = sourcecode.c.objc; path = main.m; sourceTree = "<group>"; };
		A44C69AC146DF9C800E6E60B /* Nov17-Prefix.pch */ = {isa = PBXFileReference; lastKnownFileType = sourcecode.c.h; path = "Nov17-Prefix.pch"; sourceTree = "<group>"; };
		A44C69AD146DF9C800E6E60B /* N17AppDelegate.h */ = {isa = PBXFileReference; lastKnownFileType = sourcecode.c.h; path = N17AppDelegate.h; sourceTree = "<group>"; };
		A44C69AE146DF9C800E6E60B /* N17AppDelegate.m */ = {isa = PBXFileReference; lastKnownFileType = sourcecode.c.objc; path = N17AppDelegate.m; sourceTree = "<group>"; };
		A44C69B7146DFC2F00E6E60B /* N17mainView.h */ = {isa = PBXFileReference; fileEncoding = 4; lastKnownFileType = sourcecode.c.h; path = N17mainView.h; sourceTree = "<group>"; };
		A44C69B8146DFC2F00E6E60B /* N17mainView.m */ = {isa = PBXFileReference; fileEncoding = 4; lastKnownFileType = sourcecode.c.objc; path = N17mainView.m; sourceTree = "<group>"; };
		A44C69BA146DFC7100E6E60B /* N17bottomView.h */ = {isa = PBXFileReference; fileEncoding = 4; lastKnownFileType = sourcecode.c.h; path = N17bottomView.h; sourceTree = "<group>"; };
		A44C69BB146DFC7100E6E60B /* N17bottomView.m */ = {isa = PBXFileReference; fileEncoding = 4; lastKnownFileType = sourcecode.c.objc; path = N17bottomView.m; sourceTree = "<group>"; };
		A44C69BD146DFC9A00E6E60B /* N17topViewFront.h */ = {isa = PBXFileReference; fileEncoding = 4; lastKnownFileType = sourcecode.c.h; path = N17topViewFront.h; sourceTree = "<group>"; };
		A44C69BE146DFC9A00E6E60B /* N17topViewFront.m */ = {isa = PBXFileReference; fileEncoding = 4; lastKnownFileType = sourcecode.c.objc; path = N17topViewFront.m; sourceTree = "<group>"; };
		A44C69C0146DFCC700E6E60B /* N17topViewBack.h */ = {isa = PBXFileReference; fileEncoding = 4; lastKnownFileType = sourcecode.c.h; path = N17topViewBack.h; sourceTree = "<group>"; };
		A44C69C1146DFCC700E6E60B /* N17topViewBack.m */ = {isa = PBXFileReference; fileEncoding = 4; lastKnownFileType = sourcecode.c.objc; path = N17topViewBack.m; sourceTree = "<group>"; };
		A44C69C3146E1FFC00E6E60B /* Phone.png */ = {isa = PBXFileReference; lastKnownFileType = image.png; path = Phone.png; sourceTree = "<group>"; };
		A44C69C9146EEEA800E6E60B /* N17topView.h */ = {isa = PBXFileReference; fileEncoding = 4; lastKnownFileType = sourcecode.c.h; name = N17topView.h; path = ../N17topView.h; sourceTree = "<group>"; };
		A44C69CA146EEEA800E6E60B /* N17topView.m */ = {isa = PBXFileReference; fileEncoding = 4; lastKnownFileType = sourcecode.c.objc; name = N17topView.m; path = ../N17topView.m; sourceTree = "<group>"; };
		A44C69CC146F1A1F00E6E60B /* spy.png */ = {isa = PBXFileReference; lastKnownFileType = image.png; path = spy.png; sourceTree = "<group>"; };
		A44C69CE146F30B900E6E60B /* CustomPickerDataSource.h */ = {isa = PBXFileReference; fileEncoding = 4; lastKnownFileType = sourcecode.c.h; path = CustomPickerDataSource.h; sourceTree = "<group>"; };
		A44C69CF146F30B900E6E60B /* CustomPickerDataSource.m */ = {isa = PBXFileReference; fileEncoding = 4; lastKnownFileType = sourcecode.c.objc; path = CustomPickerDataSource.m; sourceTree = "<group>"; };
		A44C69D1146F31BA00E6E60B /* CustomView.h */ = {isa = PBXFileReference; fileEncoding = 4; lastKnownFileType = sourcecode.c.h; path = CustomView.h; sourceTree = "<group>"; };
		A44C69D2146F31BA00E6E60B /* CustomView.m */ = {isa = PBXFileReference; fileEncoding = 4; lastKnownFileType = sourcecode.c.objc; path = CustomView.m; sourceTree = "<group>"; };
		A44C69D4146F527700E6E60B /* binoculars.png */ = {isa = PBXFileReference; lastKnownFileType = image.png; path = binoculars.png; sourceTree = "<group>"; };
		A44C69D5146F527700E6E60B /* bomb.png */ = {isa = PBXFileReference; lastKnownFileType = image.png; path = bomb.png; sourceTree = "<group>"; };
		A44C69D6146F527700E6E60B /* hat.png */ = {isa = PBXFileReference; lastKnownFileType = image.png; path = hat.png; sourceTree = "<group>"; };
		A44C69DE1470DEC500E6E60B /* help.png */ = {isa = PBXFileReference; lastKnownFileType = image.png; path = help.png; sourceTree = "<group>"; };
/* End PBXFileReference section */

/* Begin PBXFrameworksBuildPhase section */
		A44C6997146DF9C800E6E60B /* Frameworks */ = {
			isa = PBXFrameworksBuildPhase;
			buildActionMask = 2147483647;
			files = (
				A43364971474D3870010DC74 /* AudioToolbox.framework in Frameworks */,
				A43364891474C9DA0010DC74 /* MediaPlayer.framework in Frameworks */,
				A44C699F146DF9C800E6E60B /* UIKit.framework in Frameworks */,
				A44C69A1146DF9C800E6E60B /* Foundation.framework in Frameworks */,
				A44C69A3146DF9C800E6E60B /* CoreGraphics.framework in Frameworks */,
			);
			runOnlyForDeploymentPostprocessing = 0;
		};
/* End PBXFrameworksBuildPhase section */

/* Begin PBXGroup section */
		A44C698F146DF9C700E6E60B = {
			isa = PBXGroup;
			children = (
				A44C69A4146DF9C800E6E60B /* Nov17 */,
				A44C699D146DF9C800E6E60B /* Frameworks */,
				A44C699B146DF9C800E6E60B /* Products */,
			);
			sourceTree = "<group>";
		};
		A44C699B146DF9C800E6E60B /* Products */ = {
			isa = PBXGroup;
			children = (
				A44C699A146DF9C800E6E60B /* Nov17.app */,
			);
			name = Products;
			sourceTree = "<group>";
		};
		A44C699D146DF9C800E6E60B /* Frameworks */ = {
			isa = PBXGroup;
			children = (
				A43364961474D3870010DC74 /* AudioToolbox.framework */,
				A43364881474C9DA0010DC74 /* MediaPlayer.framework */,
				A44C699E146DF9C800E6E60B /* UIKit.framework */,
				A44C69A0146DF9C800E6E60B /* Foundation.framework */,
				A44C69A2146DF9C800E6E60B /* CoreGraphics.framework */,
			);
			name = Frameworks;
			sourceTree = "<group>";
		};
		A44C69A4146DF9C800E6E60B /* Nov17 */ = {
			isa = PBXGroup;
			children = (
				A44C69C9146EEEA800E6E60B /* N17topView.h */,
				A44C69CA146EEEA800E6E60B /* N17topView.m */,
				A44C69AD146DF9C800E6E60B /* N17AppDelegate.h */,
				A44C69AE146DF9C800E6E60B /* N17AppDelegate.m */,
				A44C69B7146DFC2F00E6E60B /* N17mainView.h */,
				A44C69B8146DFC2F00E6E60B /* N17mainView.m */,
				A44C69C0146DFCC700E6E60B /* N17topViewBack.h */,
				A44C69C1146DFCC700E6E60B /* N17topViewBack.m */,
				A44C69BD146DFC9A00E6E60B /* N17topViewFront.h */,
				A44C69BE146DFC9A00E6E60B /* N17topViewFront.m */,
				A44C69BA146DFC7100E6E60B /* N17bottomView.h */,
				A44C69BB146DFC7100E6E60B /* N17bottomView.m */,
				A44C69D1146F31BA00E6E60B /* CustomView.h */,
				A44C69D2146F31BA00E6E60B /* CustomView.m */,
				A44C69CE146F30B900E6E60B /* CustomPickerDataSource.h */,
				A44C69CF146F30B900E6E60B /* CustomPickerDataSource.m */,
				A44C69A5146DF9C800E6E60B /* Supporting Files */,
			);
			path = Nov17;
			sourceTree = "<group>";
		};
		A44C69A5146DF9C800E6E60B /* Supporting Files */ = {
			isa = PBXGroup;
			children = (
				A41ECB881474E11300052C19 /* Rifle.mp3 */,
				A433648E1474D2B20010DC74 /* grenade.mp3 */,
				A433648F1474D2B20010DC74 /* bomb.mp3 */,
				A43364901474D2B20010DC74 /* laser.mp3 */,
				A43364911474D2B20010DC74 /* gun.mp3 */,
				A433648C1474CEB50010DC74 /* images.jpg */,
				A433648A1474CC5E0010DC74 /* MI.mp4 */,
				A43364821474C2540010DC74 /* camera-icon.png */,
				A43364831474C2540010DC74 /* microphone-icon.png */,
				A43364841474C2540010DC74 /* QuestionMarkBlack.png */,
				A433647C1474BAAA0010DC74 /* bigbomb.jpg */,
				A43364791474B9EF0010DC74 /* James-Bond.jpg */,
				A42565791472330D006B6072 /* flintlock.jpg */,
				A425656F14723250006B6072 /* bond.jpg */,
				A425657014723250006B6072 /* rambo.jpg */,
				A425657114723250006B6072 /* bazooka.jpg */,
				A425657214723250006B6072 /* laser.jpg */,
				A425657314723251006B6072 /* shotgun.jpg */,
				A425656D147227D0006B6072 /* gun2.png */,
				A425656B14721676006B6072 /* max.jpg */,
				A42565691472161F006B6072 /* austin.jpg */,
				A4256567147215E6006B6072 /* fred.jpg */,
				A44C69DE1470DEC500E6E60B /* help.png */,
				A44C69D4146F527700E6E60B /* binoculars.png */,
				A44C69D5146F527700E6E60B /* bomb.png */,
				A44C69D6146F527700E6E60B /* hat.png */,
				A44C69CC146F1A1F00E6E60B /* spy.png */,
				A44C69C3146E1FFC00E6E60B /* Phone.png */,
				A44C69A6146DF9C800E6E60B /* Nov17-Info.plist */,
				A44C69A7146DF9C800E6E60B /* InfoPlist.strings */,
				A44C69AA146DF9C800E6E60B /* main.m */,
				A44C69AC146DF9C800E6E60B /* Nov17-Prefix.pch */,
			);
			name = "Supporting Files";
			sourceTree = "<group>";
		};
/* End PBXGroup section */

/* Begin PBXNativeTarget section */
		A44C6999146DF9C800E6E60B /* Nov17 */ = {
			isa = PBXNativeTarget;
			buildConfigurationList = A44C69B2146DF9C800E6E60B /* Build configuration list for PBXNativeTarget "Nov17" */;
			buildPhases = (
				A44C6996146DF9C800E6E60B /* Sources */,
				A44C6997146DF9C800E6E60B /* Frameworks */,
				A44C6998146DF9C800E6E60B /* Resources */,
			);
			buildRules = (
			);
			dependencies = (
			);
			name = Nov17;
			productName = Nov17;
			productReference = A44C699A146DF9C800E6E60B /* Nov17.app */;
			productType = "com.apple.product-type.application";
		};
/* End PBXNativeTarget section */

/* Begin PBXProject section */
		A44C6991146DF9C700E6E60B /* Project object */ = {
			isa = PBXProject;
			attributes = {
				LastUpgradeCheck = 0420;
			};
			buildConfigurationList = A44C6994146DF9C700E6E60B /* Build configuration list for PBXProject "Nov17" */;
			compatibilityVersion = "Xcode 3.2";
			developmentRegion = English;
			hasScannedForEncodings = 0;
			knownRegions = (
				en,
				English,
			);
			mainGroup = A44C698F146DF9C700E6E60B;
			productRefGroup = A44C699B146DF9C800E6E60B /* Products */;
			projectDirPath = "";
			projectRoot = "";
			targets = (
				A44C6999146DF9C800E6E60B /* Nov17 */,
			);
		};
/* End PBXProject section */

/* Begin PBXResourcesBuildPhase section */
		A44C6998146DF9C800E6E60B /* Resources */ = {
			isa = PBXResourcesBuildPhase;
			buildActionMask = 2147483647;
			files = (
				A44C69A9146DF9C800E6E60B /* InfoPlist.strings in Resources */,
				A44C69C4146E1FFC00E6E60B /* Phone.png in Resources */,
				A44C69CD146F1A1F00E6E60B /* spy.png in Resources */,
				A44C69D7146F527700E6E60B /* binoculars.png in Resources */,
				A44C69D8146F527800E6E60B /* bomb.png in Resources */,
				A44C69D9146F527800E6E60B /* hat.png in Resources */,
				A44C69DF1470DEC600E6E60B /* help.png in Resources */,
				A4256568147215E6006B6072 /* fred.jpg in Resources */,
				A425656A1472161F006B6072 /* austin.jpg in Resources */,
				A425656C14721676006B6072 /* max.jpg in Resources */,
				A425656E147227D0006B6072 /* gun2.png in Resources */,
				A425657414723251006B6072 /* bond.jpg in Resources */,
				A425657514723251006B6072 /* rambo.jpg in Resources */,
				A425657614723251006B6072 /* bazooka.jpg in Resources */,
				A425657714723251006B6072 /* laser.jpg in Resources */,
				A425657814723251006B6072 /* shotgun.jpg in Resources */,
				A425657A1472330D006B6072 /* flintlock.jpg in Resources */,
				A433647A1474B9EF0010DC74 /* James-Bond.jpg in Resources */,
				A433647D1474BAAA0010DC74 /* bigbomb.jpg in Resources */,
				A43364851474C2540010DC74 /* camera-icon.png in Resources */,
				A43364861474C2540010DC74 /* microphone-icon.png in Resources */,
				A43364871474C2540010DC74 /* QuestionMarkBlack.png in Resources */,
				A433648B1474CC5E0010DC74 /* MI.mp4 in Resources */,
				A433648D1474CEB50010DC74 /* images.jpg in Resources */,
				A43364921474D2B20010DC74 /* grenade.mp3 in Resources */,
				A43364931474D2B20010DC74 /* bomb.mp3 in Resources */,
				A43364941474D2B20010DC74 /* laser.mp3 in Resources */,
				A43364951474D2B20010DC74 /* gun.mp3 in Resources */,
				A41ECB891474E11300052C19 /* Rifle.mp3 in Resources */,
			);
			runOnlyForDeploymentPostprocessing = 0;
		};
/* End PBXResourcesBuildPhase section */

/* Begin PBXSourcesBuildPhase section */
		A44C6996146DF9C800E6E60B /* Sources */ = {
			isa = PBXSourcesBuildPhase;
			buildActionMask = 2147483647;
			files = (
				A44C69AB146DF9C800E6E60B /* main.m in Sources */,
				A44C69AF146DF9C800E6E60B /* N17AppDelegate.m in Sources */,
				A44C69B9146DFC2F00E6E60B /* N17mainView.m in Sources */,
				A44C69BC146DFC7100E6E60B /* N17bottomView.m in Sources */,
				A44C69BF146DFC9A00E6E60B /* N17topViewFront.m in Sources */,
				A44C69C2146DFCC700E6E60B /* N17topViewBack.m in Sources */,
				A44C69CB146EEEA800E6E60B /* N17topView.m in Sources */,
				A44C69D0146F30B900E6E60B /* CustomPickerDataSource.m in Sources */,
				A44C69D3146F31BA00E6E60B /* CustomView.m in Sources */,
			);
			runOnlyForDeploymentPostprocessing = 0;
		};
/* End PBXSourcesBuildPhase section */

/* Begin PBXVariantGroup section */
		A44C69A7146DF9C800E6E60B /* InfoPlist.strings */ = {
			isa = PBXVariantGroup;
			children = (
				A44C69A8146DF9C800E6E60B /* en */,
			);
			name = InfoPlist.strings;
			sourceTree = "<group>";
		};
/* End PBXVariantGroup section */

/* Begin XCBuildConfiguration section */
		A44C69B0146DF9C800E6E60B /* Debug */ = {
			isa = XCBuildConfiguration;
			buildSettings = {
				ALWAYS_SEARCH_USER_PATHS = NO;
				ARCHS = "$(ARCHS_STANDARD_32_BIT)";
				CLANG_ENABLE_OBJC_ARC = YES;
				"CODE_SIGN_IDENTITY[sdk=iphoneos*]" = "iPhone Developer";
				COPY_PHASE_STRIP = NO;
				GCC_C_LANGUAGE_STANDARD = gnu99;
				GCC_DYNAMIC_NO_PIC = NO;
				GCC_OPTIMIZATION_LEVEL = 0;
				GCC_PREPROCESSOR_DEFINITIONS = (
					"DEBUG=1",
					"$(inherited)",
				);
				GCC_SYMBOLS_PRIVATE_EXTERN = NO;
				GCC_VERSION = com.apple.compilers.llvm.clang.1_0;
				GCC_WARN_ABOUT_MISSING_PROTOTYPES = YES;
				GCC_WARN_ABOUT_RETURN_TYPE = YES;
				GCC_WARN_UNUSED_VARIABLE = YES;
				IPHONEOS_DEPLOYMENT_TARGET = 5.0;
				SDKROOT = iphoneos;
			};
			name = Debug;
		};
		A44C69B1146DF9C800E6E60B /* Release */ = {
			isa = XCBuildConfiguration;
			buildSettings = {
				ALWAYS_SEARCH_USER_PATHS = NO;
				ARCHS = "$(ARCHS_STANDARD_32_BIT)";
				CLANG_ENABLE_OBJC_ARC = YES;
				"CODE_SIGN_IDENTITY[sdk=iphoneos*]" = "iPhone Developer";
				COPY_PHASE_STRIP = YES;
				GCC_C_LANGUAGE_STANDARD = gnu99;
				GCC_VERSION = com.apple.compilers.llvm.clang.1_0;
				GCC_WARN_ABOUT_MISSING_PROTOTYPES = YES;
				GCC_WARN_ABOUT_RETURN_TYPE = YES;
				GCC_WARN_UNUSED_VARIABLE = YES;
				IPHONEOS_DEPLOYMENT_TARGET = 5.0;
				OTHER_CFLAGS = "-DNS_BLOCK_ASSERTIONS=1";
				SDKROOT = iphoneos;
				VALIDATE_PRODUCT = YES;
			};
			name = Release;
		};
		A44C69B3146DF9C800E6E60B /* Debug */ = {
			isa = XCBuildConfiguration;
			buildSettings = {
				GCC_PRECOMPILE_PREFIX_HEADER = YES;
				GCC_PREFIX_HEADER = "Nov17/Nov17-Prefix.pch";
				INFOPLIST_FILE = "Nov17/Nov17-Info.plist";
				LIBRARY_SEARCH_PATHS = "$(inherited)";
				PRODUCT_NAME = "$(TARGET_NAME)";
				WRAPPER_EXTENSION = app;
			};
			name = Debug;
		};
		A44C69B4146DF9C800E6E60B /* Release */ = {
			isa = XCBuildConfiguration;
			buildSettings = {
				GCC_PRECOMPILE_PREFIX_HEADER = YES;
				GCC_PREFIX_HEADER = "Nov17/Nov17-Prefix.pch";
				INFOPLIST_FILE = "Nov17/Nov17-Info.plist";
				LIBRARY_SEARCH_PATHS = "$(inherited)";
				PRODUCT_NAME = "$(TARGET_NAME)";
				WRAPPER_EXTENSION = app;
			};
			name = Release;
		};
/* End XCBuildConfiguration section */

/* Begin XCConfigurationList section */
		A44C6994146DF9C700E6E60B /* Build configuration list for PBXProject "Nov17" */ = {
			isa = XCConfigurationList;
			buildConfigurations = (
				A44C69B0146DF9C800E6E60B /* Debug */,
				A44C69B1146DF9C800E6E60B /* Release */,
			);
			defaultConfigurationIsVisible = 0;
			defaultConfigurationName = Release;
		};
		A44C69B2146DF9C800E6E60B /* Build configuration list for PBXNativeTarget "Nov17" */ = {
			isa = XCConfigurationList;
			buildConfigurations = (
				A44C69B3146DF9C800E6E60B /* Debug */,
				A44C69B4146DF9C800E6E60B /* Release */,
			);
			defaultConfigurationIsVisible = 0;
			defaultConfigurationName = Release;
		};
/* End XCConfigurationList section */
	};
	rootObject = A44C6991146DF9C700E6E60B /* Project object */;
}
